{
  "version": 4,
  "terraform_version": "1.3.6",
  "serial": 3,
  "lineage": "41221036-4ae5-4bca-2738-d2f413336c9e",
  "outputs": {},
  "resources": [
    {
      "mode": "managed",
      "type": "openstack_compute_keypair_v2",
      "name": "my-cloud-key",
      "provider": "provider[\"registry.terraform.io/terraform-provider-openstack/openstack\"]",
      "instances": [
        {
          "schema_version": 0,
          "attributes": {
            "fingerprint": "5d:b7:0c:71:7a:29:3e:50:cd:f0:5c:f8:6d:08:fe:fc",
            "id": "user-key",
            "name": "user-key",
            "private_key": "",
            "public_key": "ssh-rsa AAAAB3NzaC1yc2EAAAADAQABAAABAQDCEnqNV952JH/92X+98nfvGOcxFmPthfAR77IZyjSh27uAmXOYQ3lLmkNN7m/AW/kSxxeEs7ZHRyygGqBqG8ifp98uRqSsq1gF5EIkPKBeH8j5/OtJxWxNx1xuSrGD/Ukyqy6DS4IBu46hV6ASfOTRTcYcELeRYBRPf2/8s69epVBE0anWl0WqOH2FN4z2Sgv7Yx/YYW739v2FK7ivZ/WrZ3/9mO6UVbE3tqk3RsHaWuk5+j8Dh2yHUYDCGhGFvjqECoi7i1ah4w9Qu6q17ZyH9JKr2ibannGCiqPivAAClsB4/nOwUs/zqb7Bs67oFb0Rxu76MMVAMd8jWfioEovn ssh",
            "region": "microstack",
            "user_id": "",
            "value_specs": null
          },
          "sensitive_attributes": [],
          "private": "bnVsbA=="
        }
      ]
    }
  ],
  "check_results": null
}
