{
  "version": 4,
  "terraform_version": "1.3.6",
  "serial": 20,
  "lineage": "85334ae9-456e-3122-92a2-d3094435a4ef",
  "outputs": {},
  "resources": [
    {
      "mode": "managed",
      "type": "openstack_compute_instance_v2",
      "name": "k8s",
      "provider": "provider[\"registry.terraform.io/terraform-provider-openstack/openstack\"]",
      "instances": [
        {
          "schema_version": 0,
          "attributes": {
            "access_ip_v4": "192.168.0.219",
            "access_ip_v6": "",
            "admin_pass": null,
            "all_metadata": {},
            "all_tags": [],
            "availability_zone": "nova",
            "availability_zone_hints": null,
            "block_device": [],
            "config_drive": null,
            "flavor_id": "3",
            "flavor_name": "m1.medium",
            "floating_ip": null,
            "force_delete": false,
            "id": "8e2b91b6-760c-4f00-8568-39855241f685",
            "image_id": "ac44ac40-15a3-48c2-88cd-d2451839e469",
            "image_name": "ubuntu-cloudimg-amd64",
            "key_pair": "k8s-keypair",
            "metadata": null,
            "name": "k8s-instance",
            "network": [
              {
                "access_network": false,
                "fixed_ip_v4": "192.168.0.219",
                "fixed_ip_v6": "",
                "floating_ip": "",
                "mac": "fa:16:3e:46:41:4f",
                "name": "k8s-network",
                "port": "",
                "uuid": "e4045268-59a3-48f7-a7aa-eb5d805101a6"
              }
            ],
            "network_mode": null,
            "personality": [],
            "power_state": "active",
            "region": "microstack",
            "scheduler_hints": [],
            "security_groups": [
              "k8s-security-group"
            ],
            "stop_before_destroy": false,
            "tags": null,
            "timeouts": null,
            "user_data": null,
            "vendor_options": [],
            "volume": []
          },
          "sensitive_attributes": [],
          "private": "eyJlMmJmYjczMC1lY2FhLTExZTYtOGY4OC0zNDM2M2JjN2M0YzAiOnsiY3JlYXRlIjoxODAwMDAwMDAwMDAwLCJkZWxldGUiOjE4MDAwMDAwMDAwMDAsInVwZGF0ZSI6MTgwMDAwMDAwMDAwMH19",
          "dependencies": [
            "openstack_compute_keypair_v2.k8s",
            "openstack_compute_secgroup_v2.k8s",
            "openstack_networking_network_v2.k8s"
          ]
        }
      ]
    },
    {
      "mode": "managed",
      "type": "openstack_compute_keypair_v2",
      "name": "k8s",
      "provider": "provider[\"registry.terraform.io/terraform-provider-openstack/openstack\"]",
      "instances": [
        {
          "schema_version": 0,
          "attributes": {
            "fingerprint": "5d:b7:0c:71:7a:29:3e:50:cd:f0:5c:f8:6d:08:fe:fc",
            "id": "k8s-keypair",
            "name": "k8s-keypair",
            "private_key": "",
            "public_key": "ssh-rsa AAAAB3NzaC1yc2EAAAADAQABAAABAQDCEnqNV952JH/92X+98nfvGOcxFmPthfAR77IZyjSh27uAmXOYQ3lLmkNN7m/AW/kSxxeEs7ZHRyygGqBqG8ifp98uRqSsq1gF5EIkPKBeH8j5/OtJxWxNx1xuSrGD/Ukyqy6DS4IBu46hV6ASfOTRTcYcELeRYBRPf2/8s69epVBE0anWl0WqOH2FN4z2Sgv7Yx/YYW739v2FK7ivZ/WrZ3/9mO6UVbE3tqk3RsHaWuk5+j8Dh2yHUYDCGhGFvjqECoi7i1ah4w9Qu6q17ZyH9JKr2ibannGCiqPivAAClsB4/nOwUs/zqb7Bs67oFb0Rxu76MMVAMd8jWfioEovn ssh",
            "region": "microstack",
            "user_id": "",
            "value_specs": null
          },
          "sensitive_attributes": [],
          "private": "bnVsbA=="
        }
      ]
    },
    {
      "mode": "managed",
      "type": "openstack_compute_secgroup_v2",
      "name": "k8s",
      "provider": "provider[\"registry.terraform.io/terraform-provider-openstack/openstack\"]",
      "instances": [
        {
          "schema_version": 0,
          "attributes": {
            "description": "k8s security group",
            "id": "08568355-f71e-4107-a03b-2d7fcb3cecb1",
            "name": "k8s-security-group",
            "region": "microstack",
            "rule": [
              {
                "cidr": "0.0.0.0/0",
                "from_group_id": "",
                "from_port": 22,
                "id": "3bc35967-bed0-4458-b9ea-7b9d45433751",
                "ip_protocol": "tcp",
                "self": false,
                "to_port": 22
              }
            ],
            "timeouts": null
          },
          "sensitive_attributes": [],
          "private": "eyJlMmJmYjczMC1lY2FhLTExZTYtOGY4OC0zNDM2M2JjN2M0YzAiOnsiZGVsZXRlIjo2MDAwMDAwMDAwMDB9fQ=="
        }
      ]
    },
    {
      "mode": "managed",
      "type": "openstack_networking_network_v2",
      "name": "k8s",
      "provider": "provider[\"registry.terraform.io/terraform-provider-openstack/openstack\"]",
      "instances": [
        {
          "schema_version": 0,
          "attributes": {
            "admin_state_up": true,
            "all_tags": [],
            "availability_zone_hints": [],
            "description": "",
            "dns_domain": "",
            "external": false,
            "id": "e4045268-59a3-48f7-a7aa-eb5d805101a6",
            "mtu": 1442,
            "name": "k8s-network",
            "port_security_enabled": true,
            "qos_policy_id": "",
            "region": "microstack",
            "segments": [],
            "shared": false,
            "tags": null,
            "tenant_id": "36858bcdbbcd49f790bea470ec561ee4",
            "timeouts": null,
            "transparent_vlan": false,
            "value_specs": null
          },
          "sensitive_attributes": [],
          "private": "eyJlMmJmYjczMC1lY2FhLTExZTYtOGY4OC0zNDM2M2JjN2M0YzAiOnsiY3JlYXRlIjo2MDAwMDAwMDAwMDAsImRlbGV0ZSI6NjAwMDAwMDAwMDAwfX0="
        }
      ]
    },
    {
      "mode": "managed",
      "type": "openstack_networking_router_interface_v2",
      "name": "k8s",
      "provider": "provider[\"registry.terraform.io/terraform-provider-openstack/openstack\"]",
      "instances": [
        {
          "schema_version": 0,
          "attributes": {
            "id": "10bb152a-8601-49f1-8d8e-3d9938345377",
            "port_id": "10bb152a-8601-49f1-8d8e-3d9938345377",
            "region": "microstack",
            "router_id": "bdd78fcd-cbe0-4ff0-871a-e11ed3fed8f9",
            "subnet_id": "108c1e1c-ac58-45dc-96c6-a388237583c0",
            "timeouts": null
          },
          "sensitive_attributes": [],
          "private": "eyJlMmJmYjczMC1lY2FhLTExZTYtOGY4OC0zNDM2M2JjN2M0YzAiOnsiY3JlYXRlIjo2MDAwMDAwMDAwMDAsImRlbGV0ZSI6NjAwMDAwMDAwMDAwfX0=",
          "dependencies": [
            "openstack_networking_network_v2.k8s",
            "openstack_networking_router_v2.k8s",
            "openstack_networking_subnet_v2.k8s"
          ]
        }
      ]
    },
    {
      "mode": "managed",
      "type": "openstack_networking_router_v2",
      "name": "k8s",
      "provider": "provider[\"registry.terraform.io/terraform-provider-openstack/openstack\"]",
      "instances": [
        {
          "schema_version": 0,
          "attributes": {
            "admin_state_up": true,
            "all_tags": [],
            "availability_zone_hints": [],
            "description": "",
            "distributed": false,
            "enable_snat": true,
            "external_fixed_ip": [
              {
                "ip_address": "10.20.20.16",
                "subnet_id": "98f0c4ca-5057-4abd-bb79-a43055ef7f1e"
              }
            ],
            "external_gateway": "f9690377-d6a7-45b4-bd9a-82e728383cfb",
            "external_network_id": "f9690377-d6a7-45b4-bd9a-82e728383cfb",
            "external_subnet_ids": null,
            "id": "bdd78fcd-cbe0-4ff0-871a-e11ed3fed8f9",
            "name": "k8s-router",
            "region": "microstack",
            "tags": null,
            "tenant_id": "36858bcdbbcd49f790bea470ec561ee4",
            "timeouts": null,
            "value_specs": null,
            "vendor_options": []
          },
          "sensitive_attributes": [],
          "private": "eyJlMmJmYjczMC1lY2FhLTExZTYtOGY4OC0zNDM2M2JjN2M0YzAiOnsiY3JlYXRlIjo2MDAwMDAwMDAwMDAsImRlbGV0ZSI6NjAwMDAwMDAwMDAwfX0="
        }
      ]
    },
    {
      "mode": "managed",
      "type": "openstack_networking_subnet_v2",
      "name": "k8s",
      "provider": "provider[\"registry.terraform.io/terraform-provider-openstack/openstack\"]",
      "instances": [
        {
          "schema_version": 0,
          "attributes": {
            "all_tags": [],
            "allocation_pool": [
              {
                "end": "192.168.0.254",
                "start": "192.168.0.2"
              }
            ],
            "allocation_pools": [
              {
                "end": "192.168.0.254",
                "start": "192.168.0.2"
              }
            ],
            "cidr": "192.168.0.0/24",
            "description": "",
            "dns_nameservers": null,
            "enable_dhcp": true,
            "gateway_ip": "192.168.0.1",
            "host_routes": [],
            "id": "108c1e1c-ac58-45dc-96c6-a388237583c0",
            "ip_version": 4,
            "ipv6_address_mode": "",
            "ipv6_ra_mode": "",
            "name": "",
            "network_id": "e4045268-59a3-48f7-a7aa-eb5d805101a6",
            "no_gateway": false,
            "prefix_length": null,
            "region": "microstack",
            "subnetpool_id": "",
            "tags": null,
            "tenant_id": "36858bcdbbcd49f790bea470ec561ee4",
            "timeouts": null,
            "value_specs": null
          },
          "sensitive_attributes": [],
          "private": "eyJlMmJmYjczMC1lY2FhLTExZTYtOGY4OC0zNDM2M2JjN2M0YzAiOnsiY3JlYXRlIjo2MDAwMDAwMDAwMDAsImRlbGV0ZSI6NjAwMDAwMDAwMDAwfX0=",
          "dependencies": [
            "openstack_networking_network_v2.k8s"
          ]
        }
      ]
    }
  ],
  "check_results": null
}
