{
  "version": 4,
  "terraform_version": "1.3.6",
  "serial": 12,
  "lineage": "85334ae9-456e-3122-92a2-d3094435a4ef",
  "outputs": {},
  "resources": [
    {
      "mode": "managed",
      "type": "openstack_compute_instance_v2",
      "name": "k8s-leader",
      "provider": "provider[\"registry.terraform.io/terraform-provider-openstack/openstack\"]",
      "instances": [
        {
          "schema_version": 0,
          "attributes": {
            "access_ip_v4": "192.168.1.154",
            "access_ip_v6": "",
            "admin_pass": null,
            "all_metadata": {},
            "all_tags": [],
            "availability_zone": "nova",
            "availability_zone_hints": null,
            "block_device": [],
            "config_drive": null,
            "flavor_id": "2",
            "flavor_name": "m1.small",
            "floating_ip": null,
            "force_delete": false,
            "id": "497e9781-4834-4e56-bb5d-6a2d1c37b15d",
            "image_id": "93122fe1-acfa-47c8-9c74-7c7cfda3c0dc",
            "image_name": "cirros",
            "key_pair": "admin-key",
            "metadata": null,
            "name": "k8s-leader",
            "network": [
              {
                "access_network": false,
                "fixed_ip_v4": "192.168.1.154",
                "fixed_ip_v6": "",
                "floating_ip": "",
                "mac": "fa:16:3e:49:c4:9e",
                "name": "network-generic",
                "port": "",
                "uuid": "e7339ca2-1302-40a5-9a1e-71c402add799"
              }
            ],
            "network_mode": null,
            "personality": [],
            "power_state": "active",
            "region": "microstack",
            "scheduler_hints": [],
            "security_groups": [
              "default"
            ],
            "stop_before_destroy": false,
            "tags": null,
            "timeouts": null,
            "user_data": null,
            "vendor_options": [],
            "volume": []
          },
          "sensitive_attributes": [],
          "private": "eyJlMmJmYjczMC1lY2FhLTExZTYtOGY4OC0zNDM2M2JjN2M0YzAiOnsiY3JlYXRlIjoxODAwMDAwMDAwMDAwLCJkZWxldGUiOjE4MDAwMDAwMDAwMDAsInVwZGF0ZSI6MTgwMDAwMDAwMDAwMH19",
          "dependencies": [
            "openstack_compute_keypair_v2.admin-key",
            "openstack_networking_subnet_v2.http"
          ]
        }
      ]
    },
    {
      "mode": "managed",
      "type": "openstack_compute_keypair_v2",
      "name": "admin-key",
      "provider": "provider[\"registry.terraform.io/terraform-provider-openstack/openstack\"]",
      "instances": [
        {
          "schema_version": 0,
          "attributes": {
            "fingerprint": "5d:b7:0c:71:7a:29:3e:50:cd:f0:5c:f8:6d:08:fe:fc",
            "id": "admin-key",
            "name": "admin-key",
            "private_key": "",
            "public_key": "ssh-rsa AAAAB3NzaC1yc2EAAAADAQABAAABAQDCEnqNV952JH/92X+98nfvGOcxFmPthfAR77IZyjSh27uAmXOYQ3lLmkNN7m/AW/kSxxeEs7ZHRyygGqBqG8ifp98uRqSsq1gF5EIkPKBeH8j5/OtJxWxNx1xuSrGD/Ukyqy6DS4IBu46hV6ASfOTRTcYcELeRYBRPf2/8s69epVBE0anWl0WqOH2FN4z2Sgv7Yx/YYW739v2FK7ivZ/WrZ3/9mO6UVbE3tqk3RsHaWuk5+j8Dh2yHUYDCGhGFvjqECoi7i1ah4w9Qu6q17ZyH9JKr2ibannGCiqPivAAClsB4/nOwUs/zqb7Bs67oFb0Rxu76MMVAMd8jWfioEovn ssh",
            "region": "microstack",
            "user_id": "",
            "value_specs": null
          },
          "sensitive_attributes": [],
          "private": "bnVsbA=="
        }
      ]
    },
    {
      "mode": "managed",
      "type": "openstack_networking_network_v2",
      "name": "generic",
      "provider": "provider[\"registry.terraform.io/terraform-provider-openstack/openstack\"]",
      "instances": [
        {
          "schema_version": 0,
          "attributes": {
            "admin_state_up": true,
            "all_tags": [],
            "availability_zone_hints": [],
            "description": "",
            "dns_domain": "",
            "external": false,
            "id": "e7339ca2-1302-40a5-9a1e-71c402add799",
            "mtu": 1442,
            "name": "network-generic",
            "port_security_enabled": true,
            "qos_policy_id": "",
            "region": "microstack",
            "segments": [],
            "shared": false,
            "tags": [],
            "tenant_id": "758e7327db574a6e9f8c284cf42526ef",
            "timeouts": null,
            "transparent_vlan": false,
            "value_specs": null
          },
          "sensitive_attributes": [],
          "private": "eyJlMmJmYjczMC1lY2FhLTExZTYtOGY4OC0zNDM2M2JjN2M0YzAiOnsiY3JlYXRlIjo2MDAwMDAwMDAwMDAsImRlbGV0ZSI6NjAwMDAwMDAwMDAwfX0="
        }
      ]
    },
    {
      "mode": "managed",
      "type": "openstack_networking_subnet_v2",
      "name": "http",
      "provider": "provider[\"registry.terraform.io/terraform-provider-openstack/openstack\"]",
      "instances": [
        {
          "schema_version": 0,
          "attributes": {
            "all_tags": [],
            "allocation_pool": [
              {
                "end": "192.168.1.254",
                "start": "192.168.1.2"
              }
            ],
            "allocation_pools": [
              {
                "end": "192.168.1.254",
                "start": "192.168.1.2"
              }
            ],
            "cidr": "192.168.1.0/24",
            "description": "",
            "dns_nameservers": [
              "8.8.8.8",
              "8.8.8.4"
            ],
            "enable_dhcp": true,
            "gateway_ip": "192.168.1.1",
            "host_routes": [],
            "id": "0b3cc773-6966-4378-aa95-1324081196b7",
            "ip_version": 4,
            "ipv6_address_mode": "",
            "ipv6_ra_mode": "",
            "name": "subnet-http",
            "network_id": "e7339ca2-1302-40a5-9a1e-71c402add799",
            "no_gateway": false,
            "prefix_length": null,
            "region": "microstack",
            "subnetpool_id": "",
            "tags": [],
            "tenant_id": "758e7327db574a6e9f8c284cf42526ef",
            "timeouts": null,
            "value_specs": null
          },
          "sensitive_attributes": [],
          "private": "eyJlMmJmYjczMC1lY2FhLTExZTYtOGY4OC0zNDM2M2JjN2M0YzAiOnsiY3JlYXRlIjo2MDAwMDAwMDAwMDAsImRlbGV0ZSI6NjAwMDAwMDAwMDAwfX0=",
          "dependencies": [
            "openstack_networking_network_v2.generic"
          ]
        }
      ]
    }
  ],
  "check_results": null
}
