{
  "version": 4,
  "terraform_version": "1.3.6",
  "serial": 10,
  "lineage": "85334ae9-456e-3122-92a2-d3094435a4ef",
  "outputs": {},
  "resources": [
    {
      "mode": "managed",
      "type": "openstack_compute_keypair_v2",
      "name": "admin-key",
      "provider": "provider[\"registry.terraform.io/terraform-provider-openstack/openstack\"]",
      "instances": [
        {
          "schema_version": 0,
          "attributes": {
            "fingerprint": "5d:b7:0c:71:7a:29:3e:50:cd:f0:5c:f8:6d:08:fe:fc",
            "id": "admin-key",
            "name": "admin-key",
            "private_key": "",
            "public_key": "ssh-rsa AAAAB3NzaC1yc2EAAAADAQABAAABAQDCEnqNV952JH/92X+98nfvGOcxFmPthfAR77IZyjSh27uAmXOYQ3lLmkNN7m/AW/kSxxeEs7ZHRyygGqBqG8ifp98uRqSsq1gF5EIkPKBeH8j5/OtJxWxNx1xuSrGD/Ukyqy6DS4IBu46hV6ASfOTRTcYcELeRYBRPf2/8s69epVBE0anWl0WqOH2FN4z2Sgv7Yx/YYW739v2FK7ivZ/WrZ3/9mO6UVbE3tqk3RsHaWuk5+j8Dh2yHUYDCGhGFvjqECoi7i1ah4w9Qu6q17ZyH9JKr2ibannGCiqPivAAClsB4/nOwUs/zqb7Bs67oFb0Rxu76MMVAMd8jWfioEovn ssh",
            "region": "microstack",
            "user_id": "",
            "value_specs": null
          },
          "sensitive_attributes": [],
          "private": "bnVsbA=="
        }
      ]
    },
    {
      "mode": "managed",
      "type": "openstack_networking_network_v2",
      "name": "generic",
      "provider": "provider[\"registry.terraform.io/terraform-provider-openstack/openstack\"]",
      "instances": [
        {
          "schema_version": 0,
          "attributes": {
            "admin_state_up": true,
            "all_tags": [],
            "availability_zone_hints": [],
            "description": "",
            "dns_domain": "",
            "external": false,
            "id": "e7339ca2-1302-40a5-9a1e-71c402add799",
            "mtu": 1442,
            "name": "network-generic",
            "port_security_enabled": true,
            "qos_policy_id": "",
            "region": "microstack",
            "segments": [],
            "shared": false,
            "tags": null,
            "tenant_id": "758e7327db574a6e9f8c284cf42526ef",
            "timeouts": null,
            "transparent_vlan": false,
            "value_specs": null
          },
          "sensitive_attributes": [],
          "private": "eyJlMmJmYjczMC1lY2FhLTExZTYtOGY4OC0zNDM2M2JjN2M0YzAiOnsiY3JlYXRlIjo2MDAwMDAwMDAwMDAsImRlbGV0ZSI6NjAwMDAwMDAwMDAwfX0="
        }
      ]
    },
    {
      "mode": "managed",
      "type": "openstack_networking_subnet_v2",
      "name": "http",
      "provider": "provider[\"registry.terraform.io/terraform-provider-openstack/openstack\"]",
      "instances": [
        {
          "schema_version": 0,
          "attributes": {
            "all_tags": [],
            "allocation_pool": [
              {
                "end": "192.168.1.254",
                "start": "192.168.1.2"
              }
            ],
            "allocation_pools": [
              {
                "end": "192.168.1.254",
                "start": "192.168.1.2"
              }
            ],
            "cidr": "192.168.1.0/24",
            "description": "",
            "dns_nameservers": [
              "8.8.8.8",
              "8.8.8.4"
            ],
            "enable_dhcp": true,
            "gateway_ip": "192.168.1.1",
            "host_routes": [],
            "id": "0b3cc773-6966-4378-aa95-1324081196b7",
            "ip_version": 4,
            "ipv6_address_mode": "",
            "ipv6_ra_mode": "",
            "name": "subnet-http",
            "network_id": "e7339ca2-1302-40a5-9a1e-71c402add799",
            "no_gateway": false,
            "prefix_length": null,
            "region": "microstack",
            "subnetpool_id": "",
            "tags": null,
            "tenant_id": "758e7327db574a6e9f8c284cf42526ef",
            "timeouts": null,
            "value_specs": null
          },
          "sensitive_attributes": [],
          "private": "eyJlMmJmYjczMC1lY2FhLTExZTYtOGY4OC0zNDM2M2JjN2M0YzAiOnsiY3JlYXRlIjo2MDAwMDAwMDAwMDAsImRlbGV0ZSI6NjAwMDAwMDAwMDAwfX0=",
          "dependencies": [
            "openstack_networking_network_v2.generic"
          ]
        }
      ]
    }
  ],
  "check_results": null
}
